PODS:
  - SFRemoteImage (1.0.0)

DEPENDENCIES:
  - SFRemoteImage (from `/Users/mymac/Desktop/OpenSource/SFRemoteImage`)

EXTERNAL SOURCES:
  SFRemoteImage:
    :path: "/Users/mymac/Desktop/OpenSource/SFRemoteImage"

SPEC CHECKSUMS:
  SFRemoteImage: 08f747667fc29ec9506ed137b724c7a94ed3e98d

PODFILE CHECKSUM: b890c10d4cf0c06817feb9e2d90d798e6a9bd870

COCOAPODS: 1.11.2
