// !$*UTF8*$!
{
	archiveVersion = 1;
	classes = {
	};
	objectVersion = 50;
	objects = {

/* Begin PBXBuildFile section */
		1F9A7C6C27BBA2C900593D95 /* AppDelegate.swift in Sources */ = {isa = PBXBuildFile; fileRef = 1F9A7C6B27BBA2C900593D95 /* AppDelegate.swift */; };
		1F9A7C6E27BBA2C900593D95 /* SceneDelegate.swift in Sources */ = {isa = PBXBuildFile; fileRef = 1F9A7C6D27BBA2C900593D95 /* SceneDelegate.swift */; };
		1F9A7C7027BBA2C900593D95 /* ViewController.swift in Sources */ = {isa = PBXBuildFile; fileRef = 1F9A7C6F27BBA2C900593D95 /* ViewController.swift */; };
		1F9A7C7327BBA2C900593D95 /* Main.storyboard in Resources */ = {isa = PBXBuildFile; fileRef = 1F9A7C7127BBA2C900593D95 /* Main.storyboard */; };
		1F9A7C7527BBA2CD00593D95 /* Assets.xcassets in Resources */ = {isa = PBXBuildFile; fileRef = 1F9A7C7427BBA2CD00593D95 /* Assets.xcassets */; };
		1F9A7C7827BBA2CD00593D95 /* LaunchScreen.storyboard in Resources */ = {isa = PBXBuildFile; fileRef = 1F9A7C7627BBA2CD00593D95 /* LaunchScreen.storyboard */; };
		1F9A7CA527BBAACC00593D95 /* Podfile in Resources */ = {isa = PBXBuildFile; fileRef = 1F9A7CA427BBAACB00593D95 /* Podfile */; };
		DE82158DD8BC4280D1A52DA8 /* Pods_SFRemoteImageExample.framework in Frameworks */ = {isa = PBXBuildFile; fileRef = 4E57726A766D8E3219FC63DB /* Pods_SFRemoteImageExample.framework */; };
/* End PBXBuildFile section */

/* Begin PBXFileReference section */
		1F9A7C6827BBA2C900593D95 /* SFRemoteImageExample.app */ = {isa = PBXFileReference; explicitFileType = wrapper.application; includeInIndex = 0; path = SFRemoteImageExample.app; sourceTree = BUILT_PRODUCTS_DIR; };
		1F9A7C6B27BBA2C900593D95 /* AppDelegate.swift */ = {isa = PBXFileReference; lastKnownFileType = sourcecode.swift; path = AppDelegate.swift; sourceTree = "<group>"; };
		1F9A7C6D27BBA2C900593D95 /* SceneDelegate.swift */ = {isa = PBXFileReference; lastKnownFileType = sourcecode.swift; path = SceneDelegate.swift; sourceTree = "<group>"; };
		1F9A7C6F27BBA2C900593D95 /* ViewController.swift */ = {isa = PBXFileReference; lastKnownFileType = sourcecode.swift; path = ViewController.swift; sourceTree = "<group>"; };
		1F9A7C7227BBA2C900593D95 /* Base */ = {isa = PBXFileReference; lastKnownFileType = file.storyboard; name = Base; path = Base.lproj/Main.storyboard; sourceTree = "<group>"; };
		1F9A7C7427BBA2CD00593D95 /* Assets.xcassets */ = {isa = PBXFileReference; lastKnownFileType = folder.assetcatalog; path = Assets.xcassets; sourceTree = "<group>"; };
		1F9A7C7727BBA2CD00593D95 /* Base */ = {isa = PBXFileReference; lastKnownFileType = file.storyboard; name = Base; path = Base.lproj/LaunchScreen.storyboard; sourceTree = "<group>"; };
		1F9A7C7927BBA2CD00593D95 /* Info.plist */ = {isa = PBXFileReference; lastKnownFileType = text.plist.xml; path = Info.plist; sourceTree = "<group>"; };
		1F9A7CA427BBAACB00593D95 /* Podfile */ = {isa = PBXFileReference; explicitFileType = text.script.ruby; path = Podfile; sourceTree = "<group>"; };
		3FABEEDBB61F19D652833FEA /* Pods-SFRemoteImageExample.release.xcconfig */ = {isa = PBXFileReference; includeInIndex = 1; lastKnownFileType = text.xcconfig; name = "Pods-SFRemoteImageExample.release.xcconfig"; path = "Target Support Files/Pods-SFRemoteImageExample/Pods-SFRemoteImageExample.release.xcconfig"; sourceTree = "<group>"; };
		4E57726A766D8E3219FC63DB /* Pods_SFRemoteImageExample.framework */ = {isa = PBXFileReference; explicitFileType = wrapper.framework; includeInIndex = 0; path = Pods_SFRemoteImageExample.framework; sourceTree = BUILT_PRODUCTS_DIR; };
		F099DE892BB223708BAFBFF3 /* Pods-SFRemoteImageExample.debug.xcconfig */ = {isa = PBXFileReference; includeInIndex = 1; lastKnownFileType = text.xcconfig; name = "Pods-SFRemoteImageExample.debug.xcconfig"; path = "Target Support Files/Pods-SFRemoteImageExample/Pods-SFRemoteImageExample.debug.xcconfig"; sourceTree = "<group>"; };
/* End PBXFileReference section */

/* Begin PBXFrameworksBuildPhase section */
		1F9A7C6527BBA2C900593D95 /* Frameworks */ = {
			isa = PBXFrameworksBuildPhase;
			buildActionMask = 2147483647;
			files = (
				DE82158DD8BC4280D1A52DA8 /* Pods_SFRemoteImageExample.framework in Frameworks */,
			);
			runOnlyForDeploymentPostprocessing = 0;
		};
/* End PBXFrameworksBuildPhase section */

/* Begin PBXGroup section */
		1E06E4A0C917CE7C0D1BFD8D /* Pods */ = {
			isa = PBXGroup;
			children = (
				F099DE892BB223708BAFBFF3 /* Pods-SFRemoteImageExample.debug.xcconfig */,
				3FABEEDBB61F19D652833FEA /* Pods-SFRemoteImageExample.release.xcconfig */,
			);
			path = Pods;
			sourceTree = "<group>";
		};
		1F9A7C5F27BBA2C900593D95 = {
			isa = PBXGroup;
			children = (
				1F9A7C6A27BBA2C900593D95 /* SFRemoteImageExample */,
				1F9A7CA427BBAACB00593D95 /* Podfile */,
				1F9A7C6927BBA2C900593D95 /* Products */,
				1E06E4A0C917CE7C0D1BFD8D /* Pods */,
				CD5BC02867173CCA2D7FF9D1 /* Frameworks */,
			);
			sourceTree = "<group>";
		};
		1F9A7C6927BBA2C900593D95 /* Products */ = {
			isa = PBXGroup;
			children = (
				1F9A7C6827BBA2C900593D95 /* SFRemoteImageExample.app */,
			);
			name = Products;
			sourceTree = "<group>";
		};
		1F9A7C6A27BBA2C900593D95 /* SFRemoteImageExample */ = {
			isa = PBXGroup;
			children = (
				1F9A7C6B27BBA2C900593D95 /* AppDelegate.swift */,
				1F9A7C6D27BBA2C900593D95 /* SceneDelegate.swift */,
				1F9A7C6F27BBA2C900593D95 /* ViewController.swift */,
				1F9A7C7127BBA2C900593D95 /* Main.storyboard */,
				1F9A7C7427BBA2CD00593D95 /* Assets.xcassets */,
				1F9A7C7627BBA2CD00593D95 /* LaunchScreen.storyboard */,
				1F9A7C7927BBA2CD00593D95 /* Info.plist */,
			);
			path = SFRemoteImageExample;
			sourceTree = "<group>";
		};
		CD5BC02867173CCA2D7FF9D1 /* Frameworks */ = {
			isa = PBXGroup;
			children = (
				4E57726A766D8E3219FC63DB /* Pods_SFRemoteImageExample.framework */,
			);
			name = Frameworks;
			sourceTree = "<group>";
		};
/* End PBXGroup section */

/* Begin PBXNativeTarget section */
		1F9A7C6727BBA2C900593D95 /* SFRemoteImageExample */ = {
			isa = PBXNativeTarget;
			buildConfigurationList = 1F9A7C7C27BBA2CD00593D95 /* Build configuration list for PBXNativeTarget "SFRemoteImageExample" */;
			buildPhases = (
				482DFD2E5FF3610086C053CF /* [CP] Check Pods Manifest.lock */,
				1F9A7C6427BBA2C900593D95 /* Sources */,
				1F9A7C6527BBA2C900593D95 /* Frameworks */,
				1F9A7C6627BBA2C900593D95 /* Resources */,
				A5E5245A60D612986A59E0B1 /* [CP] Embed Pods Frameworks */,
			);
			buildRules = (
			);
			dependencies = (
			);
			name = SFRemoteImageExample;
			productName = SFRemoteImageExample;
			productReference = 1F9A7C6827BBA2C900593D95 /* SFRemoteImageExample.app */;
			productType = "com.apple.product-type.application";
		};
/* End PBXNativeTarget section */

/* Begin PBXProject section */
		1F9A7C6027BBA2C900593D95 /* Project object */ = {
			isa = PBXProject;
			attributes = {
				LastSwiftUpdateCheck = 1250;
				LastUpgradeCheck = 1250;
				TargetAttributes = {
					1F9A7C6727BBA2C900593D95 = {
						CreatedOnToolsVersion = 12.5;
					};
				};
			};
			buildConfigurationList = 1F9A7C6327BBA2C900593D95 /* Build configuration list for PBXProject "SFRemoteImageExample" */;
			compatibilityVersion = "Xcode 9.3";
			developmentRegion = en;
			hasScannedForEncodings = 0;
			knownRegions = (
				en,
				Base,
			);
			mainGroup = 1F9A7C5F27BBA2C900593D95;
			productRefGroup = 1F9A7C6927BBA2C900593D95 /* Products */;
			projectDirPath = "";
			projectRoot = "";
			targets = (
				1F9A7C6727BBA2C900593D95 /* SFRemoteImageExample */,
			);
		};
/* End PBXProject section */

/* Begin PBXResourcesBuildPhase section */
		1F9A7C6627BBA2C900593D95 /* Resources */ = {
			isa = PBXResourcesBuildPhase;
			buildActionMask = 2147483647;
			files = (
				1F9A7C7827BBA2CD00593D95 /* LaunchScreen.storyboard in Resources */,
				1F9A7C7527BBA2CD00593D95 /* Assets.xcassets in Resources */,
				1F9A7CA527BBAACC00593D95 /* Podfile in Resources */,
				1F9A7C7327BBA2C900593D95 /* Main.storyboard in Resources */,
			);
			runOnlyForDeploymentPostprocessing = 0;
		};
/* End PBXResourcesBuildPhase section */

/* Begin PBXShellScriptBuildPhase section */
		482DFD2E5FF3610086C053CF /* [CP] Check Pods Manifest.lock */ = {
			isa = PBXShellScriptBuildPhase;
			buildActionMask = 2147483647;
			files = (
			);
			inputFileListPaths = (
			);
			inputPaths = (
				"${PODS_PODFILE_DIR_PATH}/Podfile.lock",
				"${PODS_ROOT}/Manifest.lock",
			);
			name = "[CP] Check Pods Manifest.lock";
			outputFileListPaths = (
			);
			outputPaths = (
				"$(DERIVED_FILE_DIR)/Pods-SFRemoteImageExample-checkManifestLockResult.txt",
			);
			runOnlyForDeploymentPostprocessing = 0;
			shellPath = /bin/sh;
			shellScript = "diff \"${PODS_PODFILE_DIR_PATH}/Podfile.lock\" \"${PODS_ROOT}/Manifest.lock\" > /dev/null\nif [ $? != 0 ] ; then\n    # print error to STDERR\n    echo \"error: The sandbox is not in sync with the Podfile.lock. Run 'pod install' or update your CocoaPods installation.\" >&2\n    exit 1\nfi\n# This output is used by Xcode 'outputs' to avoid re-running this script phase.\necho \"SUCCESS\" > \"${SCRIPT_OUTPUT_FILE_0}\"\n";
			showEnvVarsInLog = 0;
		};
		A5E5245A60D612986A59E0B1 /* [CP] Embed Pods Frameworks */ = {
			isa = PBXShellScriptBuildPhase;
			buildActionMask = 2147483647;
			files = (
			);
			inputFileListPaths = (
				"${PODS_ROOT}/Target Support Files/Pods-SFRemoteImageExample/Pods-SFRemoteImageExample-frameworks-${CONFIGURATION}-input-files.xcfilelist",
			);
			name = "[CP] Embed Pods Frameworks";
			outputFileListPaths = (
				"${PODS_ROOT}/Target Support Files/Pods-SFRemoteImageExample/Pods-SFRemoteImageExample-frameworks-${CONFIGURATION}-output-files.xcfilelist",
			);
			runOnlyForDeploymentPostprocessing = 0;
			shellPath = /bin/sh;
			shellScript = "\"${PODS_ROOT}/Target Support Files/Pods-SFRemoteImageExample/Pods-SFRemoteImageExample-frameworks.sh\"\n";
			showEnvVarsInLog = 0;
		};
/* End PBXShellScriptBuildPhase section */

/* Begin PBXSourcesBuildPhase section */
		1F9A7C6427BBA2C900593D95 /* Sources */ = {
			isa = PBXSourcesBuildPhase;
			buildActionMask = 2147483647;
			files = (
				1F9A7C7027BBA2C900593D95 /* ViewController.swift in Sources */,
				1F9A7C6C27BBA2C900593D95 /* AppDelegate.swift in Sources */,
				1F9A7C6E27BBA2C900593D95 /* SceneDelegate.swift in Sources */,
			);
			runOnlyForDeploymentPostprocessing = 0;
		};
/* End PBXSourcesBuildPhase section */

/* Begin PBXVariantGroup section */
		1F9A7C7127BBA2C900593D95 /* Main.storyboard */ = {
			isa = PBXVariantGroup;
			children = (
				1F9A7C7227BBA2C900593D95 /* Base */,
			);
			name = Main.storyboard;
			sourceTree = "<group>";
		};
		1F9A7C7627BBA2CD00593D95 /* LaunchScreen.storyboard */ = {
			isa = PBXVariantGroup;
			children = (
				1F9A7C7727BBA2CD00593D95 /* Base */,
			);
			name = LaunchScreen.storyboard;
			sourceTree = "<group>";
		};
/* End PBXVariantGroup section */

/* Begin XCBuildConfiguration section */
		1F9A7C7A27BBA2CD00593D95 /* Debug */ = {
			isa = XCBuildConfiguration;
			buildSettings = {
				ALWAYS_SEARCH_USER_PATHS = NO;
				CLANG_ANALYZER_NONNULL = YES;
				CLANG_ANALYZER_NUMBER_OBJECT_CONVERSION = YES_AGGRESSIVE;
				CLANG_CXX_LANGUAGE_STANDARD = "gnu++14";
				CLANG_CXX_LIBRARY = "libc++";
				CLANG_ENABLE_MODULES = YES;
				CLANG_ENABLE_OBJC_ARC = YES;
				CLANG_ENABLE_OBJC_WEAK = YES;
				CLANG_WARN_BLOCK_CAPTURE_AUTORELEASING = YES;
				CLANG_WARN_BOOL_CONVERSION = YES;
				CLANG_WARN_COMMA = YES;
				CLANG_WARN_CONSTANT_CONVERSION = YES;
				CLANG_WARN_DEPRECATED_OBJC_IMPLEMENTATIONS = YES;
				CLANG_WARN_DIRECT_OBJC_ISA_USAGE = YES_ERROR;
				CLANG_WARN_DOCUMENTATION_COMMENTS = YES;
				CLANG_WARN_EMPTY_BODY = YES;
				CLANG_WARN_ENUM_CONVERSION = YES;
				CLANG_WARN_INFINITE_RECURSION = YES;
				CLANG_WARN_INT_CONVERSION = YES;
				CLANG_WARN_NON_LITERAL_NULL_CONVERSION = YES;
				CLANG_WARN_OBJC_IMPLICIT_RETAIN_SELF = YES;
				CLANG_WARN_OBJC_LITERAL_CONVERSION = YES;
				CLANG_WARN_OBJC_ROOT_CLASS = YES_ERROR;
				CLANG_WARN_QUOTED_INCLUDE_IN_FRAMEWORK_HEADER = YES;
				CLANG_WARN_RANGE_LOOP_ANALYSIS = YES;
				CLANG_WARN_STRICT_PROTOTYPES = YES;
				CLANG_WARN_SUSPICIOUS_MOVE = YES;
				CLANG_WARN_UNGUARDED_AVAILABILITY = YES_AGGRESSIVE;
				CLANG_WARN_UNREACHABLE_CODE = YES;
				CLANG_WARN__DUPLICATE_METHOD_MATCH = YES;
				COPY_PHASE_STRIP = NO;
				DEBUG_INFORMATION_FORMAT = dwarf;
				ENABLE_STRICT_OBJC_MSGSEND = YES;
				ENABLE_TESTABILITY = YES;
				GCC_C_LANGUAGE_STANDARD = gnu11;
				GCC_DYNAMIC_NO_PIC = NO;
				GCC_NO_COMMON_BLOCKS = YES;
				GCC_OPTIMIZATION_LEVEL = 0;
				GCC_PREPROCESSOR_DEFINITIONS = (
					"DEBUG=1",
					"$(inherited)",
				);
				GCC_WARN_64_TO_32_BIT_CONVERSION = YES;
				GCC_WARN_ABOUT_RETURN_TYPE = YES_ERROR;
				GCC_WARN_UNDECLARED_SELECTOR = YES;
				GCC_WARN_UNINITIALIZED_AUTOS = YES_AGGRESSIVE;
				GCC_WARN_UNUSED_FUNCTION = YES;
				GCC_WARN_UNUSED_VARIABLE = YES;
				IPHONEOS_DEPLOYMENT_TARGET = 14.5;
				MTL_ENABLE_DEBUG_INFO = INCLUDE_SOURCE;
				MTL_FAST_MATH = YES;
				ONLY_ACTIVE_ARCH = YES;
				SDKROOT = iphoneos;
				SWIFT_ACTIVE_COMPILATION_CONDITIONS = DEBUG;
				SWIFT_OPTIMIZATION_LEVEL = "-Onone";
			};
			name = Debug;
		};
		1F9A7C7B27BBA2CD00593D95 /* Release */ = {
			isa = XCBuildConfiguration;
			buildSettings = {
				ALWAYS_SEARCH_USER_PATHS = NO;
				CLANG_ANALYZER_NONNULL = YES;
				CLANG_ANALYZER_NUMBER_OBJECT_CONVERSION = YES_AGGRESSIVE;
				CLANG_CXX_LANGUAGE_STANDARD = "gnu++14";
				CLANG_CXX_LIBRARY = "libc++";
				CLANG_ENABLE_MODULES = YES;
				CLANG_ENABLE_OBJC_ARC = YES;
				CLANG_ENABLE_OBJC_WEAK = YES;
				CLANG_WARN_BLOCK_CAPTURE_AUTORELEASING = YES;
				CLANG_WARN_BOOL_CONVERSION = YES;
				CLANG_WARN_COMMA = YES;
				CLANG_WARN_CONSTANT_CONVERSION = YES;
				CLANG_WARN_DEPRECATED_OBJC_IMPLEMENTATIONS = YES;
				CLANG_WARN_DIRECT_OBJC_ISA_USAGE = YES_ERROR;
				CLANG_WARN_DOCUMENTATION_COMMENTS = YES;
				CLANG_WARN_EMPTY_BODY = YES;
				CLANG_WARN_ENUM_CONVERSION = YES;
				CLANG_WARN_INFINITE_RECURSION = YES;
				CLANG_WARN_INT_CONVERSION = YES;
				CLANG_WARN_NON_LITERAL_NULL_CONVERSION = YES;
				CLANG_WARN_OBJC_IMPLICIT_RETAIN_SELF = YES;
				CLANG_WARN_OBJC_LITERAL_CONVERSION = YES;
				CLANG_WARN_OBJC_ROOT_CLASS = YES_ERROR;
				CLANG_WARN_QUOTED_INCLUDE_IN_FRAMEWORK_HEADER = YES;
				CLANG_WARN_RANGE_LOOP_ANALYSIS = YES;
				CLANG_WARN_STRICT_PROTOTYPES = YES;
				CLANG_WARN_SUSPICIOUS_MOVE = YES;
				CLANG_WARN_UNGUARDED_AVAILABILITY = YES_AGGRESSIVE;
				CLANG_WARN_UNREACHABLE_CODE = YES;
				CLANG_WARN__DUPLICATE_METHOD_MATCH = YES;
				COPY_PHASE_STRIP = NO;
				DEBUG_INFORMATION_FORMAT = "dwarf-with-dsym";
				ENABLE_NS_ASSERTIONS = NO;
				ENABLE_STRICT_OBJC_MSGSEND = YES;
				GCC_C_LANGUAGE_STANDARD = gnu11;
				GCC_NO_COMMON_BLOCKS = YES;
				GCC_WARN_64_TO_32_BIT_CONVERSION = YES;
				GCC_WARN_ABOUT_RETURN_TYPE = YES_ERROR;
				GCC_WARN_UNDECLARED_SELECTOR = YES;
				GCC_WARN_UNINITIALIZED_AUTOS = YES_AGGRESSIVE;
				GCC_WARN_UNUSED_FUNCTION = YES;
				GCC_WARN_UNUSED_VARIABLE = YES;
				IPHONEOS_DEPLOYMENT_TARGET = 14.5;
				MTL_ENABLE_DEBUG_INFO = NO;
				MTL_FAST_MATH = YES;
				SDKROOT = iphoneos;
				SWIFT_COMPILATION_MODE = wholemodule;
				SWIFT_OPTIMIZATION_LEVEL = "-O";
				VALIDATE_PRODUCT = YES;
			};
			name = Release;
		};
		1F9A7C7D27BBA2CD00593D95 /* Debug */ = {
			isa = XCBuildConfiguration;
			baseConfigurationReference = F099DE892BB223708BAFBFF3 /* Pods-SFRemoteImageExample.debug.xcconfig */;
			buildSettings = {
				ASSETCATALOG_COMPILER_APPICON_NAME = AppIcon;
				ASSETCATALOG_COMPILER_GLOBAL_ACCENT_COLOR_NAME = AccentColor;
				CODE_SIGN_STYLE = Automatic;
				INFOPLIST_FILE = SFRemoteImageExample/Info.plist;
				LD_RUNPATH_SEARCH_PATHS = (
					"$(inherited)",
					"@executable_path/Frameworks",
				);
				PRODUCT_BUNDLE_IDENTIFIER = com.softera.SFRemoteImageExample;
				PRODUCT_NAME = "$(TARGET_NAME)";
				SWIFT_VERSION = 5.0;
				TARGETED_DEVICE_FAMILY = "1,2";
			};
			name = Debug;
		};
		1F9A7C7E27BBA2CD00593D95 /* Release */ = {
			isa = XCBuildConfiguration;
			baseConfigurationReference = 3FABEEDBB61F19D652833FEA /* Pods-SFRemoteImageExample.release.xcconfig */;
			buildSettings = {
				ASSETCATALOG_COMPILER_APPICON_NAME = AppIcon;
				ASSETCATALOG_COMPILER_GLOBAL_ACCENT_COLOR_NAME = AccentColor;
				CODE_SIGN_STYLE = Automatic;
				INFOPLIST_FILE = SFRemoteImageExample/Info.plist;
				LD_RUNPATH_SEARCH_PATHS = (
					"$(inherited)",
					"@executable_path/Frameworks",
				);
				PRODUCT_BUNDLE_IDENTIFIER = com.softera.SFRemoteImageExample;
				PRODUCT_NAME = "$(TARGET_NAME)";
				SWIFT_VERSION = 5.0;
				TARGETED_DEVICE_FAMILY = "1,2";
			};
			name = Release;
		};
/* End XCBuildConfiguration section */

/* Begin XCConfigurationList section */
		1F9A7C6327BBA2C900593D95 /* Build configuration list for PBXProject "SFRemoteImageExample" */ = {
			isa = XCConfigurationList;
			buildConfigurations = (
				1F9A7C7A27BBA2CD00593D95 /* Debug */,
				1F9A7C7B27BBA2CD00593D95 /* Release */,
			);
			defaultConfigurationIsVisible = 0;
			defaultConfigurationName = Release;
		};
		1F9A7C7C27BBA2CD00593D95 /* Build configuration list for PBXNativeTarget "SFRemoteImageExample" */ = {
			isa = XCConfigurationList;
			buildConfigurations = (
				1F9A7C7D27BBA2CD00593D95 /* Debug */,
				1F9A7C7E27BBA2CD00593D95 /* Release */,
			);
			defaultConfigurationIsVisible = 0;
			defaultConfigurationName = Release;
		};
/* End XCConfigurationList section */
	};
	rootObject = 1F9A7C6027BBA2C900593D95 /* Project object */;
}
